// !$*UTF8*$!
{
	archiveVersion = 1;
	classes = {
	};
	objectVersion = 50;
	objects = {

/* Begin PBXBuildFile section */
		A3D49C9F25CA4750009211F3 /* AppDelegate.swift in Sources */ = {isa = PBXBuildFile; fileRef = A3D49C9E25CA4750009211F3 /* AppDelegate.swift */; };
		A3D49CA125CA4750009211F3 /* SceneDelegate.swift in Sources */ = {isa = PBXBuildFile; fileRef = A3D49CA025CA4750009211F3 /* SceneDelegate.swift */; };
		A3D49CA325CA4750009211F3 /* ViewController.swift in Sources */ = {isa = PBXBuildFile; fileRef = A3D49CA225CA4750009211F3 /* ViewController.swift */; };
		A3D49CA825CA4753009211F3 /* Assets.xcassets in Resources */ = {isa = PBXBuildFile; fileRef = A3D49CA725CA4753009211F3 /* Assets.xcassets */; };
		A3D49CAB25CA4753009211F3 /* LaunchScreen.storyboard in Resources */ = {isa = PBXBuildFile; fileRef = A3D49CA925CA4753009211F3 /* LaunchScreen.storyboard */; };
		A3D49CB625CA4754009211F3 /* NHOM2Tests.swift in Sources */ = {isa = PBXBuildFile; fileRef = A3D49CB525CA4754009211F3 /* NHOM2Tests.swift */; };
/* End PBXBuildFile section */

/* Begin PBXContainerItemProxy section */
		A3D49CB225CA4754009211F3 /* PBXContainerItemProxy */ = {
			isa = PBXContainerItemProxy;
			containerPortal = A3D49C9325CA4750009211F3 /* Project object */;
			proxyType = 1;
			remoteGlobalIDString = A3D49C9A25CA4750009211F3;
			remoteInfo = NHOM2;
		};
/* End PBXContainerItemProxy section */

/* Begin PBXFileReference section */
		A3D49C9B25CA4750009211F3 /* NHOM2.app */ = {isa = PBXFileReference; explicitFileType = wrapper.application; includeInIndex = 0; path = NHOM2.app; sourceTree = BUILT_PRODUCTS_DIR; };
		A3D49C9E25CA4750009211F3 /* AppDelegate.swift */ = {isa = PBXFileReference; lastKnownFileType = sourcecode.swift; path = AppDelegate.swift; sourceTree = "<group>"; };
		A3D49CA025CA4750009211F3 /* SceneDelegate.swift */ = {isa = PBXFileReference; lastKnownFileType = sourcecode.swift; path = SceneDelegate.swift; sourceTree = "<group>"; };
		A3D49CA225CA4750009211F3 /* ViewController.swift */ = {isa = PBXFileReference; lastKnownFileType = sourcecode.swift; path = ViewController.swift; sourceTree = "<group>"; };
		A3D49CA725CA4753009211F3 /* Assets.xcassets */ = {isa = PBXFileReference; lastKnownFileType = folder.assetcatalog; path = Assets.xcassets; sourceTree = "<group>"; };
		A3D49CAA25CA4753009211F3 /* Base */ = {isa = PBXFileReference; lastKnownFileType = file.storyboard; name = Base; path = Base.lproj/LaunchScreen.storyboard; sourceTree = "<group>"; };
		A3D49CAC25CA4753009211F3 /* Info.plist */ = {isa = PBXFileReference; lastKnownFileType = text.plist.xml; path = Info.plist; sourceTree = "<group>"; };
		A3D49CB125CA4754009211F3 /* NHOM2Tests.xctest */ = {isa = PBXFileReference; explicitFileType = wrapper.cfbundle; includeInIndex = 0; path = NHOM2Tests.xctest; sourceTree = BUILT_PRODUCTS_DIR; };
		A3D49CB525CA4754009211F3 /* NHOM2Tests.swift */ = {isa = PBXFileReference; lastKnownFileType = sourcecode.swift; path = NHOM2Tests.swift; sourceTree = "<group>"; };
		A3D49CB725CA4754009211F3 /* Info.plist */ = {isa = PBXFileReference; lastKnownFileType = text.plist.xml; path = Info.plist; sourceTree = "<group>"; };
/* End PBXFileReference section */

/* Begin PBXFrameworksBuildPhase section */
		A3D49C9825CA4750009211F3 /* Frameworks */ = {
			isa = PBXFrameworksBuildPhase;
			buildActionMask = 2147483647;
			files = (
			);
			runOnlyForDeploymentPostprocessing = 0;
		};
		A3D49CAE25CA4754009211F3 /* Frameworks */ = {
			isa = PBXFrameworksBuildPhase;
			buildActionMask = 2147483647;
			files = (
			);
			runOnlyForDeploymentPostprocessing = 0;
		};
/* End PBXFrameworksBuildPhase section */

/* Begin PBXGroup section */
		A3D49C9225CA4750009211F3 = {
			isa = PBXGroup;
			children = (
				A3D49C9D25CA4750009211F3 /* NHOM2 */,
				A3D49CB425CA4754009211F3 /* NHOM2Tests */,
				A3D49C9C25CA4750009211F3 /* Products */,
			);
			sourceTree = "<group>";
		};
		A3D49C9C25CA4750009211F3 /* Products */ = {
			isa = PBXGroup;
			children = (
				A3D49C9B25CA4750009211F3 /* NHOM2.app */,
				A3D49CB125CA4754009211F3 /* NHOM2Tests.xctest */,
			);
			name = Products;
			sourceTree = "<group>";
		};
		A3D49C9D25CA4750009211F3 /* NHOM2 */ = {
			isa = PBXGroup;
			children = (
				A3D49C9E25CA4750009211F3 /* AppDelegate.swift */,
				A3D49CA025CA4750009211F3 /* SceneDelegate.swift */,
				A3D49CA225CA4750009211F3 /* ViewController.swift */,
				A3D49CA725CA4753009211F3 /* Assets.xcassets */,
				A3D49CA925CA4753009211F3 /* LaunchScreen.storyboard */,
				A3D49CAC25CA4753009211F3 /* Info.plist */,
			);
			path = NHOM2;
			sourceTree = "<group>";
		};
		A3D49CB425CA4754009211F3 /* NHOM2Tests */ = {
			isa = PBXGroup;
			children = (
				A3D49CB525CA4754009211F3 /* NHOM2Tests.swift */,
				A3D49CB725CA4754009211F3 /* Info.plist */,
			);
			path = NHOM2Tests;
			sourceTree = "<group>";
		};
/* End PBXGroup section */

/* Begin PBXNativeTarget section */
		A3D49C9A25CA4750009211F3 /* NHOM2 */ = {
			isa = PBXNativeTarget;
			buildConfigurationList = A3D49CBA25CA4754009211F3 /* Build configuration list for PBXNativeTarget "NHOM2" */;
			buildPhases = (
				A3D49C9725CA4750009211F3 /* Sources */,
				A3D49C9825CA4750009211F3 /* Frameworks */,
				A3D49C9925CA4750009211F3 /* Resources */,
			);
			buildRules = (
			);
			dependencies = (
			);
			name = NHOM2;
			productName = NHOM2;
			productReference = A3D49C9B25CA4750009211F3 /* NHOM2.app */;
			productType = "com.apple.product-type.application";
		};
		A3D49CB025CA4754009211F3 /* NHOM2Tests */ = {
			isa = PBXNativeTarget;
			buildConfigurationList = A3D49CBD25CA4754009211F3 /* Build configuration list for PBXNativeTarget "NHOM2Tests" */;
			buildPhases = (
				A3D49CAD25CA4754009211F3 /* Sources */,
				A3D49CAE25CA4754009211F3 /* Frameworks */,
				A3D49CAF25CA4754009211F3 /* Resources */,
			);
			buildRules = (
			);
			dependencies = (
				A3D49CB325CA4754009211F3 /* PBXTargetDependency */,
			);
			name = NHOM2Tests;
			productName = NHOM2Tests;
			productReference = A3D49CB125CA4754009211F3 /* NHOM2Tests.xctest */;
			productType = "com.apple.product-type.bundle.unit-test";
		};
/* End PBXNativeTarget section */

/* Begin PBXProject section */
		A3D49C9325CA4750009211F3 /* Project object */ = {
			isa = PBXProject;
			attributes = {
				LastSwiftUpdateCheck = 1160;
				LastUpgradeCheck = 1160;
				ORGANIZATIONNAME = "Khoa Vo T.A.";
				TargetAttributes = {
					A3D49C9A25CA4750009211F3 = {
						CreatedOnToolsVersion = 11.6;
					};
					A3D49CB025CA4754009211F3 = {
						CreatedOnToolsVersion = 11.6;
						TestTargetID = A3D49C9A25CA4750009211F3;
					};
				};
			};
			buildConfigurationList = A3D49C9625CA4750009211F3 /* Build configuration list for PBXProject "NHOM2" */;
			compatibilityVersion = "Xcode 9.3";
			developmentRegion = en;
			hasScannedForEncodings = 0;
			knownRegions = (
				en,
				Base,
			);
			mainGroup = A3D49C9225CA4750009211F3;
			productRefGroup = A3D49C9C25CA4750009211F3 /* Products */;
			projectDirPath = "";
			projectRoot = "";
			targets = (
				A3D49C9A25CA4750009211F3 /* NHOM2 */,
				A3D49CB025CA4754009211F3 /* NHOM2Tests */,
			);
		};
/* End PBXProject section */

/* Begin PBXResourcesBuildPhase section */
		A3D49C9925CA4750009211F3 /* Resources */ = {
			isa = PBXResourcesBuildPhase;
			buildActionMask = 2147483647;
			files = (
				A3D49CAB25CA4753009211F3 /* LaunchScreen.storyboard in Resources */,
				A3D49CA825CA4753009211F3 /* Assets.xcassets in Resources */,
			);
			runOnlyForDeploymentPostprocessing = 0;
		};
		A3D49CAF25CA4754009211F3 /* Resources */ = {
			isa = PBXResourcesBuildPhase;
			buildActionMask = 2147483647;
			files = (
			);
			runOnlyForDeploymentPostprocessing = 0;
		};
/* End PBXResourcesBuildPhase section */

/* Begin PBXSourcesBuildPhase section */
		A3D49C9725CA4750009211F3 /* Sources */ = {
			isa = PBXSourcesBuildPhase;
			buildActionMask = 2147483647;
			files = (
				A3D49CA325CA4750009211F3 /* ViewController.swift in Sources */,
				A3D49C9F25CA4750009211F3 /* AppDelegate.swift in Sources */,
				A3D49CA125CA4750009211F3 /* SceneDelegate.swift in Sources */,
			);
			runOnlyForDeploymentPostprocessing = 0;
		};
		A3D49CAD25CA4754009211F3 /* Sources */ = {
			isa = PBXSourcesBuildPhase;
			buildActionMask = 2147483647;
			files = (
				A3D49CB625CA4754009211F3 /* NHOM2Tests.swift in Sources */,
			);
			runOnlyForDeploymentPostprocessing = 0;
		};
/* End PBXSourcesBuildPhase section */

/* Begin PBXTargetDependency section */
		A3D49CB325CA4754009211F3 /* PBXTargetDependency */ = {
			isa = PBXTargetDependency;
			target = A3D49C9A25CA4750009211F3 /* NHOM2 */;
			targetProxy = A3D49CB225CA4754009211F3 /* PBXContainerItemProxy */;
		};
/* End PBXTargetDependency section */

/* Begin PBXVariantGroup section */
		A3D49CA925CA4753009211F3 /* LaunchScreen.storyboard */ = {
			isa = PBXVariantGroup;
			children = (
				A3D49CAA25CA4753009211F3 /* Base */,
			);
			name = LaunchScreen.storyboard;
			sourceTree = "<group>";
		};
/* End PBXVariantGroup section */

/* Begin XCBuildConfiguration section */
		A3D49CB825CA4754009211F3 /* Debug */ = {
			isa = XCBuildConfiguration;
			buildSettings = {
				ALWAYS_SEARCH_USER_PATHS = NO;
				CLANG_ANALYZER_NONNULL = YES;
				CLANG_ANALYZER_NUMBER_OBJECT_CONVERSION = YES_AGGRESSIVE;
				CLANG_CXX_LANGUAGE_STANDARD = "gnu++14";
				CLANG_CXX_LIBRARY = "libc++";
				CLANG_ENABLE_MODULES = YES;
				CLANG_ENABLE_OBJC_ARC = YES;
				CLANG_ENABLE_OBJC_WEAK = YES;
				CLANG_WARN_BLOCK_CAPTURE_AUTORELEASING = YES;
				CLANG_WARN_BOOL_CONVERSION = YES;
				CLANG_WARN_COMMA = YES;
				CLANG_WARN_CONSTANT_CONVERSION = YES;
				CLANG_WARN_DEPRECATED_OBJC_IMPLEMENTATIONS = YES;
				CLANG_WARN_DIRECT_OBJC_ISA_USAGE = YES_ERROR;
				CLANG_WARN_DOCUMENTATION_COMMENTS = YES;
				CLANG_WARN_EMPTY_BODY = YES;
				CLANG_WARN_ENUM_CONVERSION = YES;
				CLANG_WARN_INFINITE_RECURSION = YES;
				CLANG_WARN_INT_CONVERSION = YES;
				CLANG_WARN_NON_LITERAL_NULL_CONVERSION = YES;
				CLANG_WARN_OBJC_IMPLICIT_RETAIN_SELF = YES;
				CLANG_WARN_OBJC_LITERAL_CONVERSION = YES;
				CLANG_WARN_OBJC_ROOT_CLASS = YES_ERROR;
				CLANG_WARN_RANGE_LOOP_ANALYSIS = YES;
				CLANG_WARN_STRICT_PROTOTYPES = YES;
				CLANG_WARN_SUSPICIOUS_MOVE = YES;
				CLANG_WARN_UNGUARDED_AVAILABILITY = YES_AGGRESSIVE;
				CLANG_WARN_UNREACHABLE_CODE = YES;
				CLANG_WARN__DUPLICATE_METHOD_MATCH = YES;
				COPY_PHASE_STRIP = NO;
				DEBUG_INFORMATION_FORMAT = dwarf;
				ENABLE_STRICT_OBJC_MSGSEND = YES;
				ENABLE_TESTABILITY = YES;
				GCC_C_LANGUAGE_STANDARD = gnu11;
				GCC_DYNAMIC_NO_PIC = NO;
				GCC_NO_COMMON_BLOCKS = YES;
				GCC_OPTIMIZATION_LEVEL = 0;
				GCC_PREPROCESSOR_DEFINITIONS = (
					"DEBUG=1",
					"$(inherited)",
				);
				GCC_WARN_64_TO_32_BIT_CONVERSION = YES;
				GCC_WARN_ABOUT_RETURN_TYPE = YES_ERROR;
				GCC_WARN_UNDECLARED_SELECTOR = YES;
				GCC_WARN_UNINITIALIZED_AUTOS = YES_AGGRESSIVE;
				GCC_WARN_UNUSED_FUNCTION = YES;
				GCC_WARN_UNUSED_VARIABLE = YES;
				IPHONEOS_DEPLOYMENT_TARGET = 13.6;
				MTL_ENABLE_DEBUG_INFO = INCLUDE_SOURCE;
				MTL_FAST_MATH = YES;
				ONLY_ACTIVE_ARCH = YES;
				SDKROOT = iphoneos;
				SWIFT_ACTIVE_COMPILATION_CONDITIONS = DEBUG;
				SWIFT_OPTIMIZATION_LEVEL = "-Onone";
			};
			name = Debug;
		};
		A3D49CB925CA4754009211F3 /* Release */ = {
			isa = XCBuildConfiguration;
			buildSettings = {
				ALWAYS_SEARCH_USER_PATHS = NO;
				CLANG_ANALYZER_NONNULL = YES;
				CLANG_ANALYZER_NUMBER_OBJECT_CONVERSION = YES_AGGRESSIVE;
				CLANG_CXX_LANGUAGE_STANDARD = "gnu++14";
				CLANG_CXX_LIBRARY = "libc++";
				CLANG_ENABLE_MODULES = YES;
				CLANG_ENABLE_OBJC_ARC = YES;
				CLANG_ENABLE_OBJC_WEAK = YES;
				CLANG_WARN_BLOCK_CAPTURE_AUTORELEASING = YES;
				CLANG_WARN_BOOL_CONVERSION = YES;
				CLANG_WARN_COMMA = YES;
				CLANG_WARN_CONSTANT_CONVERSION = YES;
				CLANG_WARN_DEPRECATED_OBJC_IMPLEMENTATIONS = YES;
				CLANG_WARN_DIRECT_OBJC_ISA_USAGE = YES_ERROR;
				CLANG_WARN_DOCUMENTATION_COMMENTS = YES;
				CLANG_WARN_EMPTY_BODY = YES;
				CLANG_WARN_ENUM_CONVERSION = YES;
				CLANG_WARN_INFINITE_RECURSION = YES;
				CLANG_WARN_INT_CONVERSION = YES;
				CLANG_WARN_NON_LITERAL_NULL_CONVERSION = YES;
				CLANG_WARN_OBJC_IMPLICIT_RETAIN_SELF = YES;
				CLANG_WARN_OBJC_LITERAL_CONVERSION = YES;
				CLANG_WARN_OBJC_ROOT_CLASS = YES_ERROR;
				CLANG_WARN_RANGE_LOOP_ANALYSIS = YES;
				CLANG_WARN_STRICT_PROTOTYPES = YES;
				CLANG_WARN_SUSPICIOUS_MOVE = YES;
				CLANG_WARN_UNGUARDED_AVAILABILITY = YES_AGGRESSIVE;
				CLANG_WARN_UNREACHABLE_CODE = YES;
				CLANG_WARN__DUPLICATE_METHOD_MATCH = YES;
				COPY_PHASE_STRIP = NO;
				DEBUG_INFORMATION_FORMAT = "dwarf-with-dsym";
				ENABLE_NS_ASSERTIONS = NO;
				ENABLE_STRICT_OBJC_MSGSEND = YES;
				GCC_C_LANGUAGE_STANDARD = gnu11;
				GCC_NO_COMMON_BLOCKS = YES;
				GCC_WARN_64_TO_32_BIT_CONVERSION = YES;
				GCC_WARN_ABOUT_RETURN_TYPE = YES_ERROR;
				GCC_WARN_UNDECLARED_SELECTOR = YES;
				GCC_WARN_UNINITIALIZED_AUTOS = YES_AGGRESSIVE;
				GCC_WARN_UNUSED_FUNCTION = YES;
				GCC_WARN_UNUSED_VARIABLE = YES;
				IPHONEOS_DEPLOYMENT_TARGET = 13.6;
				MTL_ENABLE_DEBUG_INFO = NO;
				MTL_FAST_MATH = YES;
				SDKROOT = iphoneos;
				SWIFT_COMPILATION_MODE = wholemodule;
				SWIFT_OPTIMIZATION_LEVEL = "-O";
				VALIDATE_PRODUCT = YES;
			};
			name = Release;
		};
		A3D49CBB25CA4754009211F3 /* Debug */ = {
			isa = XCBuildConfiguration;
			buildSettings = {
				ASSETCATALOG_COMPILER_APPICON_NAME = AppIcon;
				CODE_SIGN_STYLE = Automatic;
				DEVELOPMENT_TEAM = X3G739MWT3;
				INFOPLIST_FILE = NHOM2/Info.plist;
				IPHONEOS_DEPLOYMENT_TARGET = 13.0;
				LD_RUNPATH_SEARCH_PATHS = (
					"$(inherited)",
					"@executable_path/Frameworks",
				);
				PRODUCT_BUNDLE_IDENTIFIER = khoavo.ios.NHOM2;
				PRODUCT_NAME = "$(TARGET_NAME)";
				SWIFT_VERSION = 5.0;
				TARGETED_DEVICE_FAMILY = 1;
			};
			name = Debug;
		};
		A3D49CBC25CA4754009211F3 /* Release */ = {
			isa = XCBuildConfiguration;
			buildSettings = {
				ASSETCATALOG_COMPILER_APPICON_NAME = AppIcon;
				CODE_SIGN_STYLE = Automatic;
				DEVELOPMENT_TEAM = X3G739MWT3;
				INFOPLIST_FILE = NHOM2/Info.plist;
				IPHONEOS_DEPLOYMENT_TARGET = 13.0;
				LD_RUNPATH_SEARCH_PATHS = (
					"$(inherited)",
					"@executable_path/Frameworks",
				);
				PRODUCT_BUNDLE_IDENTIFIER = khoavo.ios.NHOM2;
				PRODUCT_NAME = "$(TARGET_NAME)";
				SWIFT_VERSION = 5.0;
				TARGETED_DEVICE_FAMILY = 1;
			};
			name = Release;
		};
		A3D49CBE25CA4754009211F3 /* Debug */ = {
			isa = XCBuildConfiguration;
			buildSettings = {
				ALWAYS_EMBED_SWIFT_STANDARD_LIBRARIES = YES;
				BUNDLE_LOADER = "$(TEST_HOST)";
				CODE_SIGN_STYLE = Automatic;
				DEVELOPMENT_TEAM = X3G739MWT3;
				INFOPLIST_FILE = NHOM2Tests/Info.plist;
				IPHONEOS_DEPLOYMENT_TARGET = 13.6;
				LD_RUNPATH_SEARCH_PATHS = (
					"$(inherited)",
					"@executable_path/Frameworks",
					"@loader_path/Frameworks",
				);
				PRODUCT_BUNDLE_IDENTIFIER = khoavo.ios.NHOM2Tests;
				PRODUCT_NAME = "$(TARGET_NAME)";
				SWIFT_VERSION = 5.0;
				TARGETED_DEVICE_FAMILY = "1,2";
				TEST_HOST = "$(BUILT_PRODUCTS_DIR)/NHOM2.app/NHOM2";
			};
			name = Debug;
		};
		A3D49CBF25CA4754009211F3 /* Release */ = {
			isa = XCBuildConfiguration;
			buildSettings = {
				ALWAYS_EMBED_SWIFT_STANDARD_LIBRARIES = YES;
				BUNDLE_LOADER = "$(TEST_HOST)";
				CODE_SIGN_STYLE = Automatic;
				DEVELOPMENT_TEAM = X3G739MWT3;
				INFOPLIST_FILE = NHOM2Tests/Info.plist;
				IPHONEOS_DEPLOYMENT_TARGET = 13.6;
				LD_RUNPATH_SEARCH_PATHS = (
					"$(inherited)",
					"@executable_path/Frameworks",
					"@loader_path/Frameworks",
				);
				PRODUCT_BUNDLE_IDENTIFIER = khoavo.ios.NHOM2Tests;
				PRODUCT_NAME = "$(TARGET_NAME)";
				SWIFT_VERSION = 5.0;
				TARGETED_DEVICE_FAMILY = "1,2";
				TEST_HOST = "$(BUILT_PRODUCTS_DIR)/NHOM2.app/NHOM2";
			};
			name = Release;
		};
/* End XCBuildConfiguration section */

/* Begin XCConfigurationList section */
		A3D49C9625CA4750009211F3 /* Build configuration list for PBXProject "NHOM2" */ = {
			isa = XCConfigurationList;
			buildConfigurations = (
				A3D49CB825CA4754009211F3 /* Debug */,
				A3D49CB925CA4754009211F3 /* Release */,
			);
			defaultConfigurationIsVisible = 0;
			defaultConfigurationName = Release;
		};
		A3D49CBA25CA4754009211F3 /* Build configuration list for PBXNativeTarget "NHOM2" */ = {
			isa = XCConfigurationList;
			buildConfigurations = (
				A3D49CBB25CA4754009211F3 /* Debug */,
				A3D49CBC25CA4754009211F3 /* Release */,
			);
			defaultConfigurationIsVisible = 0;
			defaultConfigurationName = Release;
		};
		A3D49CBD25CA4754009211F3 /* Build configuration list for PBXNativeTarget "NHOM2Tests" */ = {
			isa = XCConfigurationList;
			buildConfigurations = (
				A3D49CBE25CA4754009211F3 /* Debug */,
				A3D49CBF25CA4754009211F3 /* Release */,
			);
			defaultConfigurationIsVisible = 0;
			defaultConfigurationName = Release;
		};
/* End XCConfigurationList section */
	};
	rootObject = A3D49C9325CA4750009211F3 /* Project object */;
}
